# This file is autogenerated, do not edit; changes may be undone by the next 'dep ensure'.


[[projects]]
  name = "github.com/PuerkitoBio/goquery"
  packages = ["."]
  revision = "e1271ee34c6a305e38566ecd27ae374944907ee9"
  version = "v1.1.0"

[[projects]]
  branch = "master"
  name = "github.com/andybalholm/cascadia"
  packages = ["."]
  revision = "349dd0209470eabd9514242c688c403c0926d266"

[[projects]]
  branch = "master"
  name = "github.com/google/shlex"
  packages = ["."]
  revision = "6f45313302b9c56850fc17f99e40caebce98c716"

[[projects]]
  branch = "master"
  name = "github.com/gorilla/feeds"
  packages = ["."]
  revision = "b78e02c3f88b84269be5c20c2b98127bbea1fcba"

[[projects]]
  name = "github.com/mmcdole/gofeed"
  packages = [".","atom","extensions","internal/shared","rss"]
  revision = "303223474e837398b2f8a265e5572958bb5568c0"
  version = "v1.0.0-beta"

[[projects]]
  branch = "master"
  name = "github.com/mmcdole/goxpp"
  packages = ["."]
  revision = "77e4a51a73ed99ee3f33c1474dc166866304acbd"

[[projects]]
  branch = "master"
  name = "golang.org/x/net"
  packages = ["html","html/atom","html/charset"]
  revision = "cd69bc3fc700721b709c3a59e16e24c67b58f6ff"

[[projects]]
  branch = "master"
  name = "golang.org/x/text"
  packages = ["encoding","encoding/charmap","encoding/htmlindex","encoding/internal","encoding/internal/identifier","encoding/japanese","encoding/korean","encoding/simplifiedchinese","encoding/traditionalchinese","encoding/unicode","internal/gen","internal/tag","internal/utf8internal","language","runes","transform","unicode/cldr"]
  revision = "c01e4764d870b77f8abe5096ee19ad20d80e8075"

[solve-meta]
  analyzer-name = "dep"
  analyzer-version = 1
  inputs-digest = "2dc00b7b1a0794bea6af8e41d0763186685944f35f957cf8169c97751ed8be47"
  solver-name = "gps-cdcl"
  solver-version = 1
